{
  "lockfileVersion": 1,
  "workspaces": {
    "": {
      "name": "encore-ts-starter",
      "dependencies": {
        "encore.dev": "^1.47.3",
      },
      "devDependencies": {
        "@types/node": "22.15.21",
        "typescript": "5.8.3",
      },
    },
  },
  "packages": {
    "@types/node": ["@types/node@22.15.21", "", { "dependencies": { "undici-types": "~6.21.0" } }, "sha512-EV/37Td6c+MgKAbkcLG6vqZ2zEYHD7bvSrzqqs2RIhbA6w3x+Dqz8MZM3sP6kGTeLrdoOgKZe+Xja7tUB2DNkQ=="],

    "encore.dev": ["encore.dev@1.47.3", "", {}, "sha512-zX3ZgluxU7288DQU1VRQuGoyD/4JveHlkDrggRKeyBr9WOP+fd4DmlZduZGn/eZ34akWWcFAGRhggkic1apPyA=="],

    "typescript": ["typescript@5.8.3", "", { "bin": { "tsc": "bin/tsc", "tsserver": "bin/tsserver" } }, "sha512-p1diW6TqL9L07nNxvRMM7hMMw4c5XOo/1ibL4aAIGmSAt9slTE1Xgw5KWuof2uTOvCg9BY7ZRi+GaF+7sfgPeQ=="],

    "undici-types": ["undici-types@6.21.0", "", {}, "sha512-iwDZqg0QAGrg9Rav5H4n0M64c3mkR59cJ6wQp+7C4nI0gsmExaedaYLNO44eT4AtBBwjbTiGPMlt2Md0T9H9JQ=="],
  }
}
